
Microsoft Visual Studio Solution File, Format Version 12.00
# Visual Studio Version 16
VisualStudioVersion = 16.0.29806.167
MinimumVisualStudioVersion = 10.0.40219.1
Project("{FAE04EC0-301F-11D3-BF4B-00C04F79EFBC}") = "QuickBuy.Dominio", "QuickBuy.Dominio\QuickBuy.Dominio.csproj", "{5BAA41D0-33B1-4355-84DD-E2CEA2207D2C}"
EndProject
Project("{FAE04EC0-301F-11D3-BF4B-00C04F79EFBC}") = "QuickBuy.Repositorio", "QuickBuy.Repositorio\QuickBuy.Repositorio.csproj", "{F2C875B4-BD9A-4210-A294-4F2441B2BD36}"
EndProject
Project("{FAE04EC0-301F-11D3-BF4B-00C04F79EFBC}") = "QuickBuy.Web", "QuickBuy.Web\QuickBuy.Web.csproj", "{DB026E03-15D3-410F-B0FF-5A5E15968B9E}"
EndProject
Global
	GlobalSection(SolutionConfigurationPlatforms) = preSolution
		Debug|Any CPU = Debug|Any CPU
		Release|Any CPU = Release|Any CPU
	EndGlobalSection
	GlobalSection(ProjectConfigurationPlatforms) = postSolution
		{5BAA41D0-33B1-4355-84DD-E2CEA2207D2C}.Debug|Any CPU.ActiveCfg = Debug|Any CPU
		{5BAA41D0-33B1-4355-84DD-E2CEA2207D2C}.Debug|Any CPU.Build.0 = Debug|Any CPU
		{5BAA41D0-33B1-4355-84DD-E2CEA2207D2C}.Release|Any CPU.ActiveCfg = Release|Any CPU
		{5BAA41D0-33B1-4355-84DD-E2CEA2207D2C}.Release|Any CPU.Build.0 = Release|Any CPU
		{F2C875B4-BD9A-4210-A294-4F2441B2BD36}.Debug|Any CPU.ActiveCfg = Debug|Any CPU
		{F2C875B4-BD9A-4210-A294-4F2441B2BD36}.Debug|Any CPU.Build.0 = Debug|Any CPU
		{F2C875B4-BD9A-4210-A294-4F2441B2BD36}.Release|Any CPU.ActiveCfg = Release|Any CPU
		{F2C875B4-BD9A-4210-A294-4F2441B2BD36}.Release|Any CPU.Build.0 = Release|Any CPU
		{DB026E03-15D3-410F-B0FF-5A5E15968B9E}.Debug|Any CPU.ActiveCfg = Debug|Any CPU
		{DB026E03-15D3-410F-B0FF-5A5E15968B9E}.Debug|Any CPU.Build.0 = Debug|Any CPU
		{DB026E03-15D3-410F-B0FF-5A5E15968B9E}.Release|Any CPU.ActiveCfg = Release|Any CPU
		{DB026E03-15D3-410F-B0FF-5A5E15968B9E}.Release|Any CPU.Build.0 = Release|Any CPU
	EndGlobalSection
	GlobalSection(SolutionProperties) = preSolution
		HideSolutionNode = FALSE
	EndGlobalSection
	GlobalSection(ExtensibilityGlobals) = postSolution
		SolutionGuid = {5E8234D9-A9BC-4579-A38C-15F71AFC7876}
	EndGlobalSection
EndGlobal
